
Microsoft Visual Studio Solution File, Format Version 12.00
# Visual Studio Version 17
VisualStudioVersion = 17.6.33829.357
MinimumVisualStudioVersion = 10.0.40219.1
Project("{FAE04EC0-301F-11D3-BF4B-00C04F79EFBC}") = "Automatização_De_Folha_De_Pagamento", "Automatização_De_Folha_De_Pagamento.csproj", "{9A88D763-383F-4110-A4AD-DF59BE606CB2}"
EndProject
Global
	GlobalSection(SolutionConfigurationPlatforms) = preSolution
		Debug|Any CPU = Debug|Any CPU
		Release|Any CPU = Release|Any CPU
	EndGlobalSection
	GlobalSection(ProjectConfigurationPlatforms) = postSolution
		{9A88D763-383F-4110-A4AD-DF59BE606CB2}.Debug|Any CPU.ActiveCfg = Debug|Any CPU
		{9A88D763-383F-4110-A4AD-DF59BE606CB2}.Debug|Any CPU.Build.0 = Debug|Any CPU
		{9A88D763-383F-4110-A4AD-DF59BE606CB2}.Release|Any CPU.ActiveCfg = Release|Any CPU
		{9A88D763-383F-4110-A4AD-DF59BE606CB2}.Release|Any CPU.Build.0 = Release|Any CPU
	EndGlobalSection
	GlobalSection(SolutionProperties) = preSolution
		HideSolutionNode = FALSE
	EndGlobalSection
	GlobalSection(ExtensibilityGlobals) = postSolution
		SolutionGuid = {3DA62250-9887-4F89-A516-B8A46C341F12}
	EndGlobalSection
EndGlobal
